# This file is autogenerated, do not edit; changes may be undone by the next 'dep ensure'.


[[projects]]
  name = "github.com/twpayne/go-polyline"
  packages = ["."]
  revision = "ed808842d5eaad6ab3744a9eaabac44ae29d91d2"
  version = "v1.0"

[solve-meta]
  analyzer-name = "dep"
  analyzer-version = 1
  inputs-digest = "88310e43cb088fb9ca89d61d75f65e4f37b10cd1e696b1cb5c65dc2950a62a90"
  solver-name = "gps-cdcl"
  solver-version = 1
